github.com/fsnotify/fsnotify v1.4.7 h1:IXs+QLmnXW2CcXuY+8Mzv/fWEsPGWxqefPtCP5CnV9I=
github.com/fsnotify/fsnotify v1.4.7/go.mod h1:jwhsz4b93w/PPRr/qN1Yymfu8t87LnFCMoQvtojpjFo=
github.com/go-test/deep v1.0.5 h1:AKODKU3pDH1RzZzm6YZu77YWtEAq6uh1rLIAQlay2qc=
github.com/go-test/deep v1.0.5/go.mod h1:QV8Hv/iy04NyLBxAdO9njL0iVPN1S4d/A3NVv1V36o8=
github.com/gorilla/websocket v1.4.1 h1:q7AeDBpnBk8AogcD4DSag/Ukw/KV+YhzLj2bP5HvKCM=
github.com/gorilla/websocket v1.4.1/go.mod h1:YR8l580nyteQvAITg2hZ9XVh4b55+EU/adAjf1fMHhE=
github.com/yuin/goldmark v1.1.7/go.mod h1:3hX8gzYuyVAZsxl0MRgGTJEmQBFcNTphYh9decYSb74=
github.com/yuin/goldmark v1.1.22 h1:0e0f6Zee9SAQ5yOZGNMWaOxqVvcc/9/kUWu/Kl91Jk8=
github.com/yuin/goldmark v1.1.22/go.mod h1:3hX8gzYuyVAZsxl0MRgGTJEmQBFcNTphYh9decYSb74=
github.com/yuin/goldmark-meta v0.0.0-20191126180153-f0638e958b60 h1:gZucqLjL1eDzVWrXj4uiWeMbAopJlBR2mKQAsTGdPwo=
github.com/yuin/goldmark-meta v0.0.0-20191126180153-f0638e958b60/go.mod h1:i9VhcIHN2PxXMbQrKqXNueok6QNONoPjNMoj9MygVL0=
golang.org/x/sys v0.0.0-20200121082415-34d275377bf9 h1:N19i1HjUnR7TF7rMt8O4p3dLvqvmYyzB6ifMFmrbY50=
golang.org/x/sys v0.0.0-20200121082415-34d275377bf9/go.mod h1:h1NjWce9XRLGQEsW7wpKNCjG9DtNlClVuFLEZdDNbEs=
gopkg.in/check.v1 v0.0.0-20161208181325-20d25e280405 h1:yhCVgyC4o1eVCa2tZl7eS0r+SDo693bJlVdllGtEeKM=
gopkg.in/check.v1 v0.0.0-20161208181325-20d25e280405/go.mod h1:Co6ibVJAznAaIkqp8huTwlJQCZ016jof/cbN4VW5Yz0=
gopkg.in/yaml.v2 v2.2.2 h1:ZCJp+EgiOT7lHqUV2J862kp8Qj64Jo6az82+3Td9dZw=
gopkg.in/yaml.v2 v2.2.2/go.mod h1:hI93XBmqTisBFMUTm0b8Fm+jr3Dg1NNxqwp+5A1VGuI=
